
Microsoft Visual Studio Solution File, Format Version 12.00
# Visual Studio Version 16
VisualStudioVersion = 16.0.31321.278
MinimumVisualStudioVersion = 10.0.40219.1
Project("{FAE04EC0-301F-11D3-BF4B-00C04F79EFBC}") = "WebApplication1", "WebApplication1\WebApplication1.csproj", "{338A97D3-16B5-4E84-BEC0-C84884C8622E}"
EndProject
Global
	GlobalSection(SolutionConfigurationPlatforms) = preSolution
		Debug|Any CPU = Debug|Any CPU
		Release|Any CPU = Release|Any CPU
	EndGlobalSection
	GlobalSection(ProjectConfigurationPlatforms) = postSolution
		{338A97D3-16B5-4E84-BEC0-C84884C8622E}.Debug|Any CPU.ActiveCfg = Debug|Any CPU
		{338A97D3-16B5-4E84-BEC0-C84884C8622E}.Debug|Any CPU.Build.0 = Debug|Any CPU
		{338A97D3-16B5-4E84-BEC0-C84884C8622E}.Release|Any CPU.ActiveCfg = Release|Any CPU
		{338A97D3-16B5-4E84-BEC0-C84884C8622E}.Release|Any CPU.Build.0 = Release|Any CPU
	EndGlobalSection
	GlobalSection(SolutionProperties) = preSolution
		HideSolutionNode = FALSE
	EndGlobalSection
	GlobalSection(ExtensibilityGlobals) = postSolution
		SolutionGuid = {0BCDF50B-51C5-44EE-A560-A49405EB1B46}
	EndGlobalSection
EndGlobal
